
Microsoft Visual Studio Solution File, Format Version 12.00
# Visual Studio Version 16
VisualStudioVersion = 16.0.30611.23
MinimumVisualStudioVersion = 10.0.40219.1
Project("{FAE04EC0-301F-11D3-BF4B-00C04F79EFBC}") = "RazorPagesMovie", "RazorPagesMovie\RazorPagesMovie.csproj", "{1F32B89F-725E-41FA-8D05-56023FAE1729}"
EndProject
Global
	GlobalSection(SolutionConfigurationPlatforms) = preSolution
		Debug|Any CPU = Debug|Any CPU
		Release|Any CPU = Release|Any CPU
	EndGlobalSection
	GlobalSection(ProjectConfigurationPlatforms) = postSolution
		{1F32B89F-725E-41FA-8D05-56023FAE1729}.Debug|Any CPU.ActiveCfg = Debug|Any CPU
		{1F32B89F-725E-41FA-8D05-56023FAE1729}.Debug|Any CPU.Build.0 = Debug|Any CPU
		{1F32B89F-725E-41FA-8D05-56023FAE1729}.Release|Any CPU.ActiveCfg = Release|Any CPU
		{1F32B89F-725E-41FA-8D05-56023FAE1729}.Release|Any CPU.Build.0 = Release|Any CPU
	EndGlobalSection
	GlobalSection(SolutionProperties) = preSolution
		HideSolutionNode = FALSE
	EndGlobalSection
	GlobalSection(ExtensibilityGlobals) = postSolution
		SolutionGuid = {356F50CA-996F-437F-BE22-1E20AC09CDE9}
	EndGlobalSection
EndGlobal
